
Microsoft Visual Studio Solution File, Format Version 12.00
# Visual Studio Version 17
VisualStudioVersion = 17.2.32630.192
MinimumVisualStudioVersion = 10.0.40219.1
Project("{FAE04EC0-301F-11D3-BF4B-00C04F79EFBC}") = "Exercicio_Produtos", "Exercicio_Produtos\Exercicio_Produtos.csproj", "{181ABC1C-D0D7-4A6F-AC09-A9EAF196ED2B}"
EndProject
Global
	GlobalSection(SolutionConfigurationPlatforms) = preSolution
		Debug|Any CPU = Debug|Any CPU
		Release|Any CPU = Release|Any CPU
	EndGlobalSection
	GlobalSection(ProjectConfigurationPlatforms) = postSolution
		{181ABC1C-D0D7-4A6F-AC09-A9EAF196ED2B}.Debug|Any CPU.ActiveCfg = Debug|Any CPU
		{181ABC1C-D0D7-4A6F-AC09-A9EAF196ED2B}.Debug|Any CPU.Build.0 = Debug|Any CPU
		{181ABC1C-D0D7-4A6F-AC09-A9EAF196ED2B}.Release|Any CPU.ActiveCfg = Release|Any CPU
		{181ABC1C-D0D7-4A6F-AC09-A9EAF196ED2B}.Release|Any CPU.Build.0 = Release|Any CPU
	EndGlobalSection
	GlobalSection(SolutionProperties) = preSolution
		HideSolutionNode = FALSE
	EndGlobalSection
	GlobalSection(ExtensibilityGlobals) = postSolution
		SolutionGuid = {86768B43-3556-4409-AE7A-596A155747DA}
	EndGlobalSection
EndGlobal
